<?xml version="1.0" encoding="utf-8"?>
<Project ToolsVersion="16.0" xmlns="http://schemas.microsoft.com/developer/msbuild/2003">
  <ItemGroup>
    <ClCompile Include="main.cpp">
      <Filter>Source Files</Filter>
    </ClCompile>
    <ClCompile Include="CliParser.cpp">
      <Filter>Source Files</Filter>
    </ClCompile>
    <ClCompile Include="CliParserUtil.cpp">
      <Filter>Source Files</Filter>
    </ClCompile>
    <ClCompile Include="CliHelp.cpp">
      <Filter>Source Files</Filter>
    </ClCompile>
    <ClCompile Include="CliCommands.cpp">
      <Filter>Source Files</Filter>
    </ClCompile>
    <ClCompile Include="CliArgumentDefinitions.cpp">
      <Filter>Source Files</Filter>
    </ClCompile>
    <ClCompile Include="FileSystem.cpp">
      <Filter>Source Files</Filter>
    </ClCompile>
    <ClCompile Include="Cdt.cpp">
      <Filter>Source Files</Filter>
    </ClCompile>
    <ClCompile Include="ProgressWrapper.cpp">
      <Filter>Source Files</Filter>
    </ClCompile>
    <ClCompile Include="Spinner.cpp">
      <Filter>Source Files</Filter>
    </ClCompile>
    <ClCompile Include="ExceptionHandler.cpp">
      <Filter>Source Files</Filter>
    </ClCompile>
  </ItemGroup>
  <ItemGroup>
    <Filter Include="Source Files">
      <UniqueIdentifier>{60B0A7C8-92DB-3DF2-A6D3-92498D0305D3}</UniqueIdentifier>
    </Filter>
    <Filter Include="Header Files">
      <UniqueIdentifier>{82b27eac-9c8b-4038-a3ca-1411e7f6d469}</UniqueIdentifier>
    </Filter>
  </ItemGroup>
  <ItemGroup>
    <ClInclude Include="CliArgumentDefinitions.h">
      <Filter>Header Files</Filter>
    </ClInclude>
    <ClInclude Include="CliCommands.h">
      <Filter>Header Files</Filter>
    </ClInclude>
    <ClInclude Include="CliHelp.h">
      <Filter>Header Files</Filter>
    </ClInclude>
    <ClInclude Include="CliOptions.h">
      <Filter>Header Files</Filter>
    </ClInclude>
    <ClInclude Include="CliParser.h">
      <Filter>Header Files</Filter>
    </ClInclude>
    <ClInclude Include="CliParserUtil.h">
      <Filter>Header Files</Filter>
    </ClInclude>
    <ClInclude Include="FileSystem.h">
      <Filter>Header Files</Filter>
    </ClInclude>
    <ClInclude Include="Cdt.h">
      <Filter>Header Files</Filter>
    </ClInclude>
    <ClInclude Include="CliLogger.h">
      <Filter>Header Files</Filter>
    </ClInclude>
    <ClInclude Include="ProgressWrapper.h">
      <Filter>Header Files</Filter>
    </ClInclude>
    <ClInclude Include="Spinner.h">
      <Filter>Header Files</Filter>
    </ClInclude>
    <ClInclude Include="Exception.h">
      <Filter>Header Files</Filter>
    </ClInclude>
    <ClInclude Include="ExceptionHandler.h">
      <Filter>Header Files</Filter>
    </ClInclude>
  </ItemGroup>
</Project>